github.com/fatih/color v1.7.0/go.mod h1:Zm6kSWBoL9eyXnKyktHP6abPY2pDugNf5KwzbycvMj4=
github.com/fatih/color v1.10.0 h1:s36xzo75JdqLaaWoiEHk767eHiwo0598uUxyfiPkDsg=
github.com/fatih/color v1.10.0/go.mod h1:ELkj/draVOlAH/xkhN6mQ50Qd0MPOk5AAr3maGEBuJM=
github.com/fatih/color v1.12.0/go.mod h1:ELkj/draVOlAH/xkhN6mQ50Qd0MPOk5AAr3maGEBuJM=
github.com/fatih/color v1.13.0 h1:8LOYc1KYPPmyKMuN8QV2DNRWNbLo6LZ0iLs8+mlH53w=
github.com/fatih/color v1.13.0/go.mod h1:kLAiJbzzSOZDVNGyDpeOxJ47H46qBXwg5ILebYFFOfk=
github.com/fbaube/fileutils v0.0.0-20210215145923-7216a545e6b4 h1:UhWRqBHpT7IZG8oct1mZZKvwqgUh6C0ZGqvpt0RhyC4=
github.com/fbaube/fileutils v0.0.0-20210215145923-7216a545e6b4/go.mod h1:Q3NOQ00NULN3Un/dxrzYDaFacMnjW9vG1Ffe3cHRdro=
github.com/fbaube/gtoken v0.0.0-20210205183935-33f49301c7f6 h1:/Visx0ZrBF6Gy7ev+8kuhr/qK7fai7Mv71HT5wMnQWo=
github.com/fbaube/gtoken v0.0.0-20210205183935-33f49301c7f6/go.mod h1:XI/vQwONcE016/WCSDb4rLRz+pwSXvBxwt8GrlaFpko=
github.com/fbaube/gtoken v0.0.0-20210717171527-3f69bbe9bd7d h1:ZKG/7A0tZP0iRkkQDz/ZvcI7fuEmv2HKsgRvShP3cjw=
github.com/fbaube/gtoken v0.0.0-20210717171527-3f69bbe9bd7d/go.mod h1:L5TPmM5qhEVECO49RCwHxUMIJStcDicDuXPz9VzgyNs=
github.com/fbaube/mlog v0.0.0-20210629113237-8469827b2468 h1:Dwz5ZnyAji2/9dFHo706XwFty4cZ/7HYddtDxdKqTyk=
github.com/fbaube/mlog v0.0.0-20210629113237-8469827b2468/go.mod h1:7zMkNQqfN6ZueDR3jAJcDBKJ8fmCGnP/LyfBnQMT4io=
github.com/fbaube/mlog v0.0.0-20220216070905-84d38f5d34e0 h1:9zlDtdCMWHJMQ4yR2UL8DXQEk0ypGl0lIQglt0WPuHw=
github.com/fbaube/mlog v0.0.0-20220216070905-84d38f5d34e0/go.mod h1:7zMkNQqfN6ZueDR3jAJcDBKJ8fmCGnP/LyfBnQMT4io=
github.com/fbaube/parseutils v0.0.0-20210205162524-f5e5ea50e5b9 h1:tsIgvf/XyaqlFSA9f0eiDAFllzXonIiIUYpWfSnN0PQ=
github.com/fbaube/parseutils v0.0.0-20210205162524-f5e5ea50e5b9/go.mod h1:E5xnG9P8KzedGeUfgx5SpB8ap8ohs5WsF0ZxU7DIWr0=
github.com/fbaube/parseutils v0.0.0-20210717170513-0d4e57d1e7a1 h1:1ySOHYIm9pI653U+B5CyrqVK1G5TbXt4d1FCnQiSPF0=
github.com/fbaube/parseutils v0.0.0-20210717170513-0d4e57d1e7a1/go.mod h1:HGX+XwxwStjP5i1rp83+JC/p2fLI9h2hMic1J2fX984=
github.com/fbaube/parseutils v0.0.0-20220215193817-c7b83083f3c9 h1:jkCNQvEPZLxVNuNhFXnDOWiW0mldLaW+fIAXh6qcmWI=
github.com/fbaube/parseutils v0.0.0-20220215193817-c7b83083f3c9/go.mod h1:EoiPiOUh4pd2WHfQc0SvqTEaQwvj4mlARPzSMWFsGb4=
github.com/fbaube/stringutils v0.0.0-20200828181116-aee08ff9d3a5/go.mod h1:zwguARNWtVV8LHVPg5vvRKhkvr6FQoc0iEfyGep8LjU=
github.com/fbaube/stringutils v0.0.0-20210130155434-e0a241fda797 h1:ldn8/WsKaSh1S3gIqixZLIggqnE/Nso7BTAOt8zGuTs=
github.com/fbaube/stringutils v0.0.0-20210130155434-e0a241fda797/go.mod h1:quowyWKPO8p52hPKAfVHCKzm1ipwmE1HKDy0wpI+GDg=
github.com/fbaube/stringutils v0.0.0-20210716195613-2633ae132b43 h1:ZUW0BW52fVKtmx8JkpkMYcOsZweyx7xlNDclTnorB1U=
github.com/fbaube/stringutils v0.0.0-20210716195613-2633ae132b43/go.mod h1:pyXNXdLCEtNZyV2GFdbOGiO6nDrH6SVmxp7EG9oISIE=
github.com/fbaube/wasmutils v0.0.0-20210130165146-e84dfddef26c h1:4Z84DSh1WFDwWmREMTIp2db1usngsZ1F4WwgMAH5Zm0=
github.com/fbaube/wasmutils v0.0.0-20210130165146-e84dfddef26c/go.mod h1:zvSKkP2Q1b0bu5IuwmY0b2x4ZXEZMYcG0ClOKublfR0=
github.com/fbaube/xmlmodels v0.0.0-20210130155543-ab4d7696b1db/go.mod h1:H+stvHzSTPx95M3rXn2UAPrCyiy/837hnfTETEyLcfw=
github.com/fbaube/xmlmodels v0.0.0-20210205162742-bbcffdb65d83 h1:LRdrazNDAaXZUO29IeJpbrdpuC9MIZhEGqhis1/ppfw=
github.com/fbaube/xmlmodels v0.0.0-20210205162742-bbcffdb65d83/go.mod h1:sZNgaxjuUe/sdGjaYEYI2bJOwrCA4cCkmpWh78UngCk=
github.com/fbaube/xmlmodels v0.0.0-20210717124325-02bf973617c5 h1:1QmPQfg0N/QAKRuki8+xgZ6hjA0JyDrWRWVi8B3NNB4=
github.com/fbaube/xmlmodels v0.0.0-20210717124325-02bf973617c5/go.mod h1:aPAbtv8J097HzqFnoGVeBvUOjkYGk/sQEkvrk25N7lE=
github.com/fbaube/xmlutils v0.0.0-20210717124325-02bf973617c5 h1:D5BLGU8VlMeAH3JTb2gHsh6n8Cr6nFfRrTT36vA7bms=
github.com/fbaube/xmlutils v0.0.0-20210717124325-02bf973617c5/go.mod h1:b9yEIFiCE4cPVYOTU6LXWgv5QtudKv5w18Zrjqou0pM=
github.com/frairon/go-outline-parser v0.0.0-20190121070907-667a12a58dc7/go.mod h1:MRv+DV4k24QxFqPyMYZYXCot7FM8fofLvxsHgvZHNi8=
github.com/go-git/go-git v4.7.0+incompatible/go.mod h1:6+421e08gnZWn30y26Vchf7efgYLe4dl5OQbBSUXShE=
github.com/mattn/go-colorable v0.1.2/go.mod h1:U0ppj6V5qS13XJ6of8GYAs25YV2eR4EVcfRqFIhoBtE=
github.com/mattn/go-colorable v0.1.8 h1:c1ghPdyEDarC70ftn0y+A/Ee++9zz8ljHG1b13eJ0s8=
github.com/mattn/go-colorable v0.1.8/go.mod h1:u6P/XSegPjTcexA+o6vUJrdnUu04hMope9wVRipJSqc=
github.com/mattn/go-colorable v0.1.9/go.mod h1:u6P/XSegPjTcexA+o6vUJrdnUu04hMope9wVRipJSqc=
github.com/mattn/go-colorable v0.1.12 h1:jF+Du6AlPIjs2BiUiQlKOX0rt3SujHxPnksPKZbaA40=
github.com/mattn/go-colorable v0.1.12/go.mod h1:u5H1YNBxpqRaxsYJYSkiCWKzEfiAb1Gb520KVy5xxl4=
github.com/mattn/go-isatty v0.0.8/go.mod h1:Iq45c/XA43vh69/j3iqttzPXn0bhXyGjM0Hdxcsrc5s=
github.com/mattn/go-isatty v0.0.9/go.mod h1:YNRxwqDuOph6SZLI9vUUz6OYw3QyUt7WiY2yME+cCiQ=
github.com/mattn/go-isatty v0.0.12 h1:wuysRhFDzyxgEmMf5xjvJ2M9dZoWAXNNr5LSBS7uHXY=
github.com/mattn/go-isatty v0.0.12/go.mod h1:cbi8OIDigv2wuxKPP5vlRcQ1OAZbq2CE4Kysco4FUpU=
github.com/mattn/go-isatty v0.0.13/go.mod h1:cbi8OIDigv2wuxKPP5vlRcQ1OAZbq2CE4Kysco4FUpU=
github.com/mattn/go-isatty v0.0.14 h1:yVuAays6BHfxijgZPzw+3Zlu5yQgKGP2/hcQbHb7S9Y=
github.com/mattn/go-isatty v0.0.14/go.mod h1:7GGIvUiUoEMVVmxf/4nioHXj79iQHKdU27kJ6hsGG94=
github.com/mgutz/str v1.2.0 h1:4IzWSdIz9qPQWLfKZ0rJcV0jcUDpxvP4JVZ4GXQyvSw=
github.com/mgutz/str v1.2.0/go.mod h1:w1v0ofgLaJdoD0HpQ3fycxKD1WtxpjSo151pK/31q6w=
github.com/src-d/gcfg v1.4.0/go.mod h1:p/UMsR43ujA89BJY9duynAwIpvqEujIH/jFlfL7jWoI=
github.com/yuin/goldmark v1.3.1/go.mod h1:mwnBkeHKe2W/ZEtQ+71ViKU8L12m81fl3OWwC1Zlc8k=
github.com/yuin/goldmark v1.3.2 h1:YjHC5TgyMmHpicTgEqDN0Q96Xo8K6tLXPnmNOHXCgs0=
github.com/yuin/goldmark v1.3.2/go.mod h1:mwnBkeHKe2W/ZEtQ+71ViKU8L12m81fl3OWwC1Zlc8k=
github.com/yuin/goldmark v1.4.0/go.mod h1:mwnBkeHKe2W/ZEtQ+71ViKU8L12m81fl3OWwC1Zlc8k=
github.com/yuin/goldmark v1.4.6 h1:EQ1OkiNq/eMbQxs/2O/A8VDIHERXGH14s19ednd4XIw=
github.com/yuin/goldmark v1.4.6/go.mod h1:rmuwmfZ0+bvzB24eSC//bk1R1Zp3hM0OXYv/G2LIilg=
golang.org/x/net v0.0.0-20210119194325-5f4716e94777 h1:003p0dJM77cxMSyCPFphvZf/Y5/NXf5fzg6ufd1/Oew=
golang.org/x/net v0.0.0-20210119194325-5f4716e94777/go.mod h1:m0MpNAwzfU5UDzcl9v0D8zg8gWTRqZa9RBIspLL5mdg=
golang.org/x/net v0.0.0-20210716203947-853a461950ff/go.mod h1:9nx3DQGgdP8bBQD5qxJ1jj9UTztislL4KSBs9R2vV5Y=
golang.org/x/net v0.0.0-20220127200216-cd36cc0744dd h1:O7DYs+zxREGLKzKoMQrtrEacpb0ZVXA5rIwylE2Xchk=
golang.org/x/net v0.0.0-20220127200216-cd36cc0744dd/go.mod h1:CfG3xpIq0wQ8r1q4Su4UZFWDARRcnwPjda9FqA0JpMk=
golang.org/x/sys v0.0.0-20190222072716-a9d3bda3a223/go.mod h1:STP8DvDyc/dI5b8T5hshtkjS+E42TnysNCUPdjciGhY=
golang.org/x/sys v0.0.0-20190813064441-fde4db37ae7a/go.mod h1:h1NjWce9XRLGQEsW7wpKNCjG9DtNlClVuFLEZdDNbEs=
golang.org/x/sys v0.0.0-20200116001909-b77594299b42/go.mod h1:h1NjWce9XRLGQEsW7wpKNCjG9DtNlClVuFLEZdDNbEs=
golang.org/x/sys v0.0.0-20200223170610-d5e6a3e2c0ae/go.mod h1:h1NjWce9XRLGQEsW7wpKNCjG9DtNlClVuFLEZdDNbEs=
golang.org/x/sys v0.0.0-20201119102817-f84b799fce68/go.mod h1:h1NjWce9XRLGQEsW7wpKNCjG9DtNlClVuFLEZdDNbEs=
golang.org/x/sys v0.0.0-20210124154548-22da62e12c0c h1:VwygUrnw9jn88c4u8GD3rZQbqrP/tgas88tPUbBxQrk=
golang.org/x/sys v0.0.0-20210124154548-22da62e12c0c/go.mod h1:h1NjWce9XRLGQEsW7wpKNCjG9DtNlClVuFLEZdDNbEs=
golang.org/x/sys v0.0.0-20210423082822-04245dca01da/go.mod h1:h1NjWce9XRLGQEsW7wpKNCjG9DtNlClVuFLEZdDNbEs=
golang.org/x/sys v0.0.0-20210615035016-665e8c7367d1/go.mod h1:oPkhp1MJrh7nUepCBck5+mAzfO9JrbApNNgaTdGDITg=
golang.org/x/sys v0.0.0-20210630005230-0f9fa26af87c/go.mod h1:oPkhp1MJrh7nUepCBck5+mAzfO9JrbApNNgaTdGDITg=
golang.org/x/sys v0.0.0-20210927094055-39ccf1dd6fa6/go.mod h1:oPkhp1MJrh7nUepCBck5+mAzfO9JrbApNNgaTdGDITg=
golang.org/x/sys v0.0.0-20211216021012-1d35b9e2eb4e/go.mod h1:oPkhp1MJrh7nUepCBck5+mAzfO9JrbApNNgaTdGDITg=
golang.org/x/sys v0.0.0-20220209214540-3681064d5158 h1:rm+CHSpPEEW2IsXUib1ThaHIjuBVZjxNgSKmBLFfD4c=
golang.org/x/sys v0.0.0-20220209214540-3681064d5158/go.mod h1:oPkhp1MJrh7nUepCBck5+mAzfO9JrbApNNgaTdGDITg=
golang.org/x/term v0.0.0-20201126162022-7de9c90e9dd1/go.mod h1:bj7SfCRtBDWHUb9snDiAeCFNEtKQo2Wmx5Cou7ajbmo=
golang.org/x/term v0.0.0-20210927222741-03fcf44c2211/go.mod h1:jbD1KX2456YbFQfuXm/mYQcufACuNUgVhRMnK/tPxf8=
golang.org/x/text v0.3.3/go.mod h1:5Zoc/QRtKVWzQhOtBMvqHzDpF6irO9z98xDceosuGiQ=
golang.org/x/text v0.3.6/go.mod h1:5Zoc/QRtKVWzQhOtBMvqHzDpF6irO9z98xDceosuGiQ=
golang.org/x/text v0.3.7/go.mod h1:u+2+/6zg+i71rQMx5EYifcz6MCKuco9NR6JIITiCfzQ=
golang.org/x/tools v0.0.0-20180917221912-90fa682c2a6e/go.mod h1:n7NCudcB/nEzxVGmLbDWY5pfWTLqBcC2KZ6jyYvM4mQ=
gopkg.in/check.v1 v0.0.0-20161208181325-20d25e280405 h1:yhCVgyC4o1eVCa2tZl7eS0r+SDo693bJlVdllGtEeKM=
gopkg.in/check.v1 v0.0.0-20161208181325-20d25e280405/go.mod h1:Co6ibVJAznAaIkqp8huTwlJQCZ016jof/cbN4VW5Yz0=
gopkg.in/warnings.v0 v0.1.2/go.mod h1:jksf8JmL6Qr/oQM2OXTHunEvvTAsrWBLb6OOjuVWRNI=
gopkg.in/yaml.v2 v2.2.5/go.mod h1:hI93XBmqTisBFMUTm0b8Fm+jr3Dg1NNxqwp+5A1VGuI=
gopkg.in/yaml.v2 v2.4.0 h1:D8xgwECY7CYvx+Y2n4sBz93Jn9JRvxdiyyo8CTfuKaY=
gopkg.in/yaml.v2 v2.4.0/go.mod h1:RDklbk79AGWmwhnvt/jBztapEOGDOx6ZbXqjP6csGnQ=
